hash: eb9a79c78d2b252b5e7df5bd054b866a535dd45c07ab452a0b4219e98109502c
updated: 2016-06-22T12:54:31.880229968+10:00
imports:
- name: github.com/cenkalti/backoff
  version: 4dc77674aceaabba2c7e3da25d4c823edfb73f99
- name: github.com/dancannon/gorethink
  version: de072a9c0eff5bd52ef81fe45b6abeccde74bd13
- name: github.com/davecgh/go-spew
  version: 5215b55f46b2b919f50a1df0eaa5886afe4e3b3d
  subpackages:
  - spew
- name: github.com/golang/protobuf
  version: b982704f8bb716bb608144408cff30e15fbde841
  subpackages:
  - proto
- name: github.com/gorilla/context
  version: 1c83b3eabd45b6d76072b66b746c20815fb2872d
- name: github.com/gorilla/mux
  version: 26a6070f849969ba72b72256e9f14cf519751690
- name: github.com/gorilla/websocket
  version: 234959944d9cf05229b02e8b386e5cffe1e4e04a
- name: github.com/hailocab/go-hostpool
  version: e80d13ce29ede4452c43dea11e79b9bc8a15b478
- name: github.com/Sirupsen/logrus
  version: be52937128b38f1d99787bb476c789e2af1147f1
- name: github.com/smartystreets/goconvey
  version: 899ed5a77548ac0bc086467509ff3dc49c63a814
  subpackages:
  - convey
- name: github.com/stretchr/testify
  version: f390dcf405f7b83c997eac1b06768bb9f44dec18
  subpackages:
  - assert
- name: golang.org/x/crypto
  version: f3241ce8505855877cc8a9717bd61a0f7c4ea83c
  subpackages:
  - pbkdf2
- name: golang.org/x/sys
  version: 62bee037599929a6e9146f29d10dd5208c43507d
  subpackages:
  - unix
- name: gopkg.in/dancannon/gorethink.v2
  version: de072a9c0eff5bd52ef81fe45b6abeccde74bd13
  subpackages:
  - encoding
  - ql2
  - types
- name: gopkg.in/fatih/pool.v2
  version: cba550ebf9bce999a02e963296d4bc7a486cb715
devImports: []
